{
  "name": "palettes",
  "version": "1.0.0",
  "lockfileVersion": 1,
  "requires": true,
  "dependencies": {
    "chibijs": {
      "version": "3.0.9",
      "resolved": "https://registry.npmjs.org/chibijs/-/chibijs-3.0.9.tgz",
      "integrity": "sha512-3ug3j94vs3QJ5Tn8qLD0ggX9V/PJOZtYq9ASvT+XiGWffo3lg/TM3RvijHp3Wv+yVdTlfQxkBjTktWQHfotA2w=="
    },
    "tinycolor2": {
      "version": "1.4.1",
      "resolved": "https://registry.npmjs.org/tinycolor2/-/tinycolor2-1.4.1.tgz",
      "integrity": "sha1-9PrTM0R7wLB9TcjpIJ2POaisd+g="
    }
  }
}
